// !$*UTF8*$!
{
	archiveVersion = 1;
	classes = {
	};
	objectVersion = 63;
	objects = {

/* Begin PBXBuildFile section */
		027F8E8E35674B1C890A533E /* MediaBlockActionBar.swift in Sources */ = {isa = PBXBuildFile; fileRef = 341DB1C8476CB51E6A7DF543 /* MediaBlockActionBar.swift */; };
		0402365D45452BE0FFA85FE7 /* EditorStore.swift in Sources */ = {isa = PBXBuildFile; fileRef = 17978D254FF4A01AF6C27265 /* EditorStore.swift */; };
		0D7C19312488787BBA9F8379 /* LaunchScreen.storyboard in Resources */ = {isa = PBXBuildFile; fileRef = 7AEA66CBE6EB5B30975CB68C /* LaunchScreen.storyboard */; };
		0F9C3ED0FBF09B219D543DC9 /* ProjectBackgroundOverride.swift in Sources */ = {isa = PBXBuildFile; fileRef = 55C76845C9F4E045E5E4913B /* ProjectBackgroundOverride.swift */; };
		10B8D513E511EBF48A1E7FCA /* TimelineLayoutContext.swift in Sources */ = {isa = PBXBuildFile; fileRef = 7E20361C384C400823FEDDE1 /* TimelineLayoutContext.swift */; };
		12E790F70155EBDB2A700C62 /* ResolvedTimelineFrame.swift in Sources */ = {isa = PBXBuildFile; fileRef = 62B86D0621E024C2C3AA5296 /* ResolvedTimelineFrame.swift */; };
		159E88254D3B1E48EE5958FC /* TimelineTransitionMathTests.swift in Sources */ = {isa = PBXBuildFile; fileRef = 0FA6FA68B95CBCFFBCFF8062 /* TimelineTransitionMathTests.swift */; };
		18CBB8DC59767967525874C6 /* PreviewVideoView.swift in Sources */ = {isa = PBXBuildFile; fileRef = 6EF91B900FF78191D281BB73 /* PreviewVideoView.swift */; };
		1E5BA0CCE5E033BDC0F1023A /* Templates in Resources */ = {isa = PBXBuildFile; fileRef = 486CDCFFF485A0C0354A63F5 /* Templates */; };
		1EA1B9C121F589385C6EACB7 /* TimelineEvents.swift in Sources */ = {isa = PBXBuildFile; fileRef = 99082F901FF221848C1D8848 /* TimelineEvents.swift */; };
		211311FBBE5B4AD0262FECCB /* TimelineTransitionIntegrationTests.swift in Sources */ = {isa = PBXBuildFile; fileRef = 26D21003AD21EF39FBA7A299 /* TimelineTransitionIntegrationTests.swift */; };
		26C0F8F6AB35CD9093B0E789 /* UserMediaTextureFactory.swift in Sources */ = {isa = PBXBuildFile; fileRef = 1226FC7130A6C146E2C8B859 /* UserMediaTextureFactory.swift */; };
		283620DB39148AB24A06ECC1 /* BundleSceneLibraryLoader.swift in Sources */ = {isa = PBXBuildFile; fileRef = 2EADDEDB66974033DE631FC0 /* BundleSceneLibraryLoader.swift */; };
		2FEAB6533EF1DA415C6FC778 /* TimelineTimeUtils.swift in Sources */ = {isa = PBXBuildFile; fileRef = 493CBBADF2EADCE826942657 /* TimelineTimeUtils.swift */; };
		30AF45D83241BE9B59AB781B /* ExportVideoSlotsCoordinator.swift in Sources */ = {isa = PBXBuildFile; fileRef = EF894A5BD8FDCD16513F4379 /* ExportVideoSlotsCoordinator.swift */; };
		3467B52EF16555EC8E8BED35 /* SceneEditInteractionController.swift in Sources */ = {isa = PBXBuildFile; fileRef = 631D07258A72196FBA9F3CF5 /* SceneEditInteractionController.swift */; };
		3A1DE674543CB9BBCDE8E1EF /* EditorCanvasMapper.swift in Sources */ = {isa = PBXBuildFile; fileRef = A929B98AF54DA5E1DF38755B /* EditorCanvasMapper.swift */; };
		3CB6D1380A2B6AA48F275BD4 /* SceneInstanceRuntime.swift in Sources */ = {isa = PBXBuildFile; fileRef = 0EE1775D3FCB5E434F734C20 /* SceneInstanceRuntime.swift */; };
		404981E927E535F603698579 /* PlayerViewController.swift in Sources */ = {isa = PBXBuildFile; fileRef = 309F76627D024207657CC40A /* PlayerViewController.swift */; };
		466851FBF16FEB68F8B6CC15 /* TemplateModels.swift in Sources */ = {isa = PBXBuildFile; fileRef = B1C6721DDF84A3D3E800B6D2 /* TemplateModels.swift */; };
		498C37DBB763362200900A78 /* BundleTemplateCatalogLoader.swift in Sources */ = {isa = PBXBuildFile; fileRef = 961567AB8773B382A94D135D /* BundleTemplateCatalogLoader.swift */; };
		4FD93D25027B440F56B0F315 /* TimelineTransitionValidator.swift in Sources */ = {isa = PBXBuildFile; fileRef = 5CD660D17DECCF5EDA5E0FFD /* TimelineTransitionValidator.swift */; };
		54A34118FE6F0E05E99EAB9F /* TemplatesHomeViewController.swift in Sources */ = {isa = PBXBuildFile; fileRef = E3FB56BE62079A849F579C2F /* TemplatesHomeViewController.swift */; };
		55D77C0FBB83BC5D85687949 /* TimelinePayload.swift in Sources */ = {isa = PBXBuildFile; fileRef = B685C4E5B201E8A6899D2B21 /* TimelinePayload.swift */; };
		5730DA4CA9AA56F5D0794FD6 /* TVECore in Frameworks */ = {isa = PBXBuildFile; productRef = C660994DFEAC165D15AE3107 /* TVECore */; };
		57C23E798E20C6709A23C537 /* AudioTrackView.swift in Sources */ = {isa = PBXBuildFile; fileRef = DC6C7BCD49916848933ACCC5 /* AudioTrackView.swift */; };
		5C6F794FED16BDF583B38CB6 /* PlayheadView.swift in Sources */ = {isa = PBXBuildFile; fileRef = 1696482BFA3E93F558EEE181 /* PlayheadView.swift */; };
		5D1EAB0A11774675AA58B727 /* SceneTrackView.swift in Sources */ = {isa = PBXBuildFile; fileRef = F4613B149DEB66964BDE84F9 /* SceneTrackView.swift */; };
		602F7872F888469035DDAD7A /* AudioCompositionBuilder.swift in Sources */ = {isa = PBXBuildFile; fileRef = 21BCAE9CA856E61018333E4F /* AudioCompositionBuilder.swift */; };
		634873BF88B7C4366E03297A /* VideoFrameProvider.swift in Sources */ = {isa = PBXBuildFile; fileRef = A19F78E6B097B29EDF323138 /* VideoFrameProvider.swift */; };
		67E6213C2144F746CDB871FE /* EditorRenderContractTests.swift in Sources */ = {isa = PBXBuildFile; fileRef = D31A07360DE22AB7792CA924 /* EditorRenderContractTests.swift */; };
		694F3A09B4B3EA9EA5081940 /* SceneTransition.swift in Sources */ = {isa = PBXBuildFile; fileRef = 77E8E00BD4B0BBC56EB6E639 /* SceneTransition.swift */; };
		6CB2DC6FA01CA1A1308B6D11 /* SceneEditBar.swift in Sources */ = {isa = PBXBuildFile; fileRef = 6D36D08905D1AEBFD5A46644 /* SceneEditBar.swift */; };
		6D8ECBA9A63E3BBE961807B1 /* SceneDelegate.swift in Sources */ = {isa = PBXBuildFile; fileRef = D531F2B70470609DAAEC0E92 /* SceneDelegate.swift */; };
		6DCCC8529A71ADB91E2B34AF /* TemplatePreviewCell.swift in Sources */ = {isa = PBXBuildFile; fileRef = 9914388A9AC3B6C7D244F116 /* TemplatePreviewCell.swift */; };
		6F9B9494538317DADF567CBB /* ContextBar.swift in Sources */ = {isa = PBXBuildFile; fileRef = D910D732A40F53C827CAF44B /* ContextBar.swift */; };
		70B4C549F74311F52D1CDA70 /* EditorState.swift in Sources */ = {isa = PBXBuildFile; fileRef = 7D7B8DBCF6017C4BF93805D7 /* EditorState.swift */; };
		70F7C5CF6D0F9A28D9BF27D3 /* TestAssets in Resources */ = {isa = PBXBuildFile; fileRef = 2BF0652B3DD5E20359F327E7 /* TestAssets */; };
		73CECF77FB8C3AF12D28CEA6 /* TVECompilerCore in Frameworks */ = {isa = PBXBuildFile; productRef = 1304677CAEF71F6D64A5F398 /* TVECompilerCore */; };
		765ACCED62853D04AF334A8E /* FullScreenPreviewViewController.swift in Sources */ = {isa = PBXBuildFile; fileRef = 84DEF8B8CAB545A1A822FF33 /* FullScreenPreviewViewController.swift */; };
		77047C61D50F5BC54DE12794 /* SceneClipView.swift in Sources */ = {isa = PBXBuildFile; fileRef = 45DB9A7231F7931C434FE7C4 /* SceneClipView.swift */; };
		77F2DBD7DB4DFA6DCE1E67B9 /* PerfLogger.swift in Sources */ = {isa = PBXBuildFile; fileRef = DCF00B9CD6E40ED94892ADC9 /* PerfLogger.swift */; };
		83D31A071A2AE1D9DAAEAF33 /* EffectiveBackgroundBuilder.swift in Sources */ = {isa = PBXBuildFile; fileRef = 4F32D1C7C5D29936244DF41F /* EffectiveBackgroundBuilder.swift */; };
		8417606871FCEA18666AF617 /* Assets.xcassets in Resources */ = {isa = PBXBuildFile; fileRef = 2CFCF74F9E5906B8855CBA71 /* Assets.xcassets */; };
		85DF4E86681E99E8A748BF67 /* BackgroundPresetLibrary.swift in Sources */ = {isa = PBXBuildFile; fileRef = F0DA8EAE80803A7290A0AC34 /* BackgroundPresetLibrary.swift */; };
		8B001DDCEB0C39A129EE2D87 /* EditorRenderCommandResolver.swift in Sources */ = {isa = PBXBuildFile; fileRef = 797FEE14029DDD1E23F49456 /* EditorRenderCommandResolver.swift */; };
		8B1AE5FEAAA7FC56548F6624 /* TimelineSelection.swift in Sources */ = {isa = PBXBuildFile; fileRef = D12222EECEE4BF66B830A41A /* TimelineSelection.swift */; };
		8B250EE681BECBBE0BC1224E /* EditorConfig.swift in Sources */ = {isa = PBXBuildFile; fileRef = CA08D7E49AF2FAED41B3739D /* EditorConfig.swift */; };
		8C5D68D2752FF42C00D0F093 /* UserMediaService.swift in Sources */ = {isa = PBXBuildFile; fileRef = FC49A46FA18BE025E45C3184 /* UserMediaService.swift */; };
		8C7E40E257296FDDE6326467 /* EditorNavBar.swift in Sources */ = {isa = PBXBuildFile; fileRef = 0AD0CC2427FEECE70284560E /* EditorNavBar.swift */; };
		8E9D3945030E03E20245EAE3 /* BackgroundImageTransformViewController.swift in Sources */ = {isa = PBXBuildFile; fileRef = 6E46BB327022D25C2BAEBD96 /* BackgroundImageTransformViewController.swift */; };
		912BD9B26BA17AFAF24EACFB /* EditorOverlayView.swift in Sources */ = {isa = PBXBuildFile; fileRef = 945142E5769BD54EFED06588 /* EditorOverlayView.swift */; };
		921C1521C032FB6559CA59C4 /* ProjectDraft.swift in Sources */ = {isa = PBXBuildFile; fileRef = 24544FC9E0EAD15CABC4A7B4 /* ProjectDraft.swift */; };
		9456988608740988E5F27700 /* TimeRulerView.swift in Sources */ = {isa = PBXBuildFile; fileRef = 385E496113EA1117E64E135D /* TimeRulerView.swift */; };
		9679197E9E746DC549BDD438 /* SceneLibrary.swift in Sources */ = {isa = PBXBuildFile; fileRef = 278EBCE880F11881818C5A11 /* SceneLibrary.swift */; };
		968F63459420D7EAAF660A2C /* TemplateDetailsViewController.swift in Sources */ = {isa = PBXBuildFile; fileRef = AB6B0E0125B6479C561D538B /* TemplateDetailsViewController.swift */; };
		9B9FA36C978C9DE53E4DBFCD /* GlobalActionBar.swift in Sources */ = {isa = PBXBuildFile; fileRef = 25DBB2B5ADE5A32A5283B35D /* GlobalActionBar.swift */; };
		A200AB2DA8A8FB5D874D1D60 /* Point2.swift in Sources */ = {isa = PBXBuildFile; fileRef = B807292DC00C6DF32839947B /* Point2.swift */; };
		A6DC1038620A832F521C9B9C /* EditorRenderCommandResolverTests.swift in Sources */ = {isa = PBXBuildFile; fileRef = 260C009859590F4ABA66E9E0 /* EditorRenderCommandResolverTests.swift */; };
		A86034E54315B2988A33C9D0 /* Scenes in Resources */ = {isa = PBXBuildFile; fileRef = 3FD576CEB284337AADB270BD /* Scenes */; };
		AC6EB2C096FBE291A7ABEC4E /* MediaRestoreHelper.swift in Sources */ = {isa = PBXBuildFile; fileRef = 26C8FD1CB48AA1171F47B737 /* MediaRestoreHelper.swift */; };
		B319D3EED1F23C34885E8646 /* ProjectStore.swift in Sources */ = {isa = PBXBuildFile; fileRef = B68FDC0B5B9E176AEECBF7BF /* ProjectStore.swift */; };
		B32E00282D93D218EFFDE577 /* EditorReducer.swift in Sources */ = {isa = PBXBuildFile; fileRef = 7F5EF817846AED742165D197 /* EditorReducer.swift */; };
		B3797DBA5A2809079BD00023 /* TimelineView.swift in Sources */ = {isa = PBXBuildFile; fileRef = 61F2AE9AABEA22194B49C3A4 /* TimelineView.swift */; };
		B76A183D3E44848DC6A05679 /* TemplateRecipe.swift in Sources */ = {isa = PBXBuildFile; fileRef = 46BEAF44ECC8C85DC84E04B9 /* TemplateRecipe.swift */; };
		B77095075AB7C55898B21242 /* UndoStack.swift in Sources */ = {isa = PBXBuildFile; fileRef = 1CBFAA44A3E3195D060D6D72 /* UndoStack.swift */; };
		B9DE907658522310F2EC88E3 /* UserMediaServiceReadinessTests.swift in Sources */ = {isa = PBXBuildFile; fileRef = BE83C97F893ECB40F45E4309 /* UserMediaServiceReadinessTests.swift */; };
		BB56874175D0D84955195BB6 /* BackgroundEditorViewController.swift in Sources */ = {isa = PBXBuildFile; fileRef = 8CEF30C879280B5B61779F14 /* BackgroundEditorViewController.swift */; };
		BC75DACCE9D206A0C9160C0C /* SceneTypeResourcesCache.swift in Sources */ = {isa = PBXBuildFile; fileRef = 2899EE222D11CFD172C78743 /* SceneTypeResourcesCache.swift */; };
		BD6CDED31CADDB057B7FB98C /* BackgroundPresets in Resources */ = {isa = PBXBuildFile; fileRef = EFFC65D891ED4DE5B877E8F1 /* BackgroundPresets */; };
		C4071986B9BC622B346488AB /* SceneLibraryModels.swift in Sources */ = {isa = PBXBuildFile; fileRef = 7386B6921BAF86E88B6FE1D0 /* SceneLibraryModels.swift */; };
		C5D500A921DF5C5F4217977C /* SharedAssets in Resources */ = {isa = PBXBuildFile; fileRef = 9FA23A16733352E76F88080F /* SharedAssets */; };
		C792AB83AD2AA9EADF6164E8 /* MediaRef.swift in Sources */ = {isa = PBXBuildFile; fileRef = 6D5135EA575C330539D1FD0A /* MediaRef.swift */; };
		CBBF06C4359B73C83C276C4B /* SceneCatalogViewController.swift in Sources */ = {isa = PBXBuildFile; fileRef = BC6933EA029405A549FACE1A /* SceneCatalogViewController.swift */; };
		CC06AC77DBA6E10D00B88CCF /* ExportVideoFrameProvider.swift in Sources */ = {isa = PBXBuildFile; fileRef = C1244C22C36801F4B52AFE62 /* ExportVideoFrameProvider.swift */; };
		CC20D98CF2C2D50F0579DDAF /* AudioWriterPump.swift in Sources */ = {isa = PBXBuildFile; fileRef = 931F43B88D909958DFAB035F /* AudioWriterPump.swift */; };
		CF7EDF9D02220536D8D2ADAF /* AppDelegate.swift in Sources */ = {isa = PBXBuildFile; fileRef = A9681217003171DED246CF7A /* AppDelegate.swift */; };
		D2AFCF642E69E8DA0BE06307 /* EditorReducerTests.swift in Sources */ = {isa = PBXBuildFile; fileRef = 008B456A6D18BC55E52A997F /* EditorReducerTests.swift */; };
		D50A8104DC75F005771E3189 /* ExportProgressViewController.swift in Sources */ = {isa = PBXBuildFile; fileRef = 405CA61F8D950F938A7C179C /* ExportProgressViewController.swift */; };
		D51C35ED6BE07BBA89EE3CBE /* EditorStoreTimelinePreviewTests.swift in Sources */ = {isa = PBXBuildFile; fileRef = D2C27B66A7FD3D45BCA3E634 /* EditorStoreTimelinePreviewTests.swift */; };
		D5568C9185447FE2389AE27A /* TrackViewContracts.swift in Sources */ = {isa = PBXBuildFile; fileRef = D5B121BAFB0DFC4A55F20BEE /* TrackViewContracts.swift */; };
		DA572C5E6C6860C97D060989 /* CategoryTemplatesViewController.swift in Sources */ = {isa = PBXBuildFile; fileRef = B853898BDFB63E02EA083BD5 /* CategoryTemplatesViewController.swift */; };
		DAB432B1B45583592A990AE8 /* TimelineCompositionEngine.swift in Sources */ = {isa = PBXBuildFile; fileRef = 49EDAF5F77EB8024DDF21A7A /* TimelineCompositionEngine.swift */; };
		DAB8BC7B970EFC30FAE8C8BC /* TimelineEngineLifecycleTests.swift in Sources */ = {isa = PBXBuildFile; fileRef = E56BFF2BB1A7C43D61EF8402 /* TimelineEngineLifecycleTests.swift */; };
		DAF36B0BD227C3540277E7F9 /* HexColorParser.swift in Sources */ = {isa = PBXBuildFile; fileRef = 5465499A4FD116462422D72B /* HexColorParser.swift */; };
		DB29C8E7EDC3DD99C8977858 /* SceneState.swift in Sources */ = {isa = PBXBuildFile; fileRef = 6F1811C646979CF0638C6195 /* SceneState.swift */; };
		DF26CFCE6FDB0C6EA1F0DBD2 /* TemplateCatalog.swift in Sources */ = {isa = PBXBuildFile; fileRef = 695CDA66BFAAF9E9490AFDFA /* TemplateCatalog.swift */; };
		E1B097003BE842813CB0A919 /* TimelinePerfCounters.swift in Sources */ = {isa = PBXBuildFile; fileRef = D919F203323B810A2AC93394 /* TimelinePerfCounters.swift */; };
		E25698A846DA76F3CA4038B4 /* BackgroundTextureService.swift in Sources */ = {isa = PBXBuildFile; fileRef = 5CA7A6FD8503DAF43604786F /* BackgroundTextureService.swift */; };
		E7808653295E10429A48CC9C /* SceneTrackSnapshot.swift in Sources */ = {isa = PBXBuildFile; fileRef = 3601FA3EBE222F831A10F3DB /* SceneTrackSnapshot.swift */; };
		E84BD7551D36EE26F55A7C8C /* TimelineTransitionMath.swift in Sources */ = {isa = PBXBuildFile; fileRef = D3EBC10C4E9B647A3CDA82C0 /* TimelineTransitionMath.swift */; };
		EA5DFD8E85E8165771D4BFF3 /* CanonicalTimeline.swift in Sources */ = {isa = PBXBuildFile; fileRef = 3364EA3951160DA864738903 /* CanonicalTimeline.swift */; };
		ED54801EBD50C76234462BC3 /* ExportTextureProvider.swift in Sources */ = {isa = PBXBuildFile; fileRef = E1974DAD2C56CCA5F71BFF6E /* ExportTextureProvider.swift */; };
		F02391F95A0262E103152584 /* BundleTemplateRecipeLoader.swift in Sources */ = {isa = PBXBuildFile; fileRef = ABBDB7457558A6C904FF6AD4 /* BundleTemplateRecipeLoader.swift */; };
		F059A3DD3D82CF5803F3CE2B /* PreparingOverlayView.swift in Sources */ = {isa = PBXBuildFile; fileRef = 85271CBA652BF18E5476B593 /* PreparingOverlayView.swift */; };
		F200089354BE041C4F9D88C9 /* PreviewMenuStrip.swift in Sources */ = {isa = PBXBuildFile; fileRef = AF4B6CA0A1B351C520F00915 /* PreviewMenuStrip.swift */; };
		F27623BA827E217DDDCC4FF3 /* ScrubDiagnostics.swift in Sources */ = {isa = PBXBuildFile; fileRef = 10365D40F7866CDC3383B1F0 /* ScrubDiagnostics.swift */; };
		F559E08D57AFB0EC6087FF8A /* EditorLayoutContainerView.swift in Sources */ = {isa = PBXBuildFile; fileRef = E4EBB70D610E864BB54F5058 /* EditorLayoutContainerView.swift */; };
		F5C114671E2811827AB06760 /* EditorAction.swift in Sources */ = {isa = PBXBuildFile; fileRef = AA4057F5327F4F91E6220168 /* EditorAction.swift */; };
		F6282E7E21B82388F3CC2243 /* TimelinePlaybackCoordinator.swift in Sources */ = {isa = PBXBuildFile; fileRef = DE5E9CF111CD6CF5A6213688 /* TimelinePlaybackCoordinator.swift */; };
		F69A4CE0C87E4F294A365892 /* VideoExporter.swift in Sources */ = {isa = PBXBuildFile; fileRef = 41ECBBE27F729040A4BA24F9 /* VideoExporter.swift */; };
		F932EAEEDC5C62AE1243FA68 /* GlobalVideoBudgetCoordinator.swift in Sources */ = {isa = PBXBuildFile; fileRef = BC0A332A9804FD46A50F4BF3 /* GlobalVideoBudgetCoordinator.swift */; };
		FA72E6CEF83D57DE1252D780 /* SceneClipSnapshot.swift in Sources */ = {isa = PBXBuildFile; fileRef = B05A4F385A358366E47B026B /* SceneClipSnapshot.swift */; };
		FE30676DCE3F9DF63B5A23A2 /* EditorRenderContract.swift in Sources */ = {isa = PBXBuildFile; fileRef = D59971755844E2F253995D2F /* EditorRenderContract.swift */; };
/* End PBXBuildFile section */

/* Begin PBXContainerItemProxy section */
		45B810784CEFF25ABAD53A58 /* PBXContainerItemProxy */ = {
			isa = PBXContainerItemProxy;
			containerPortal = D4035B6B9A7CD4FEDF854712 /* Project object */;
			proxyType = 1;
			remoteGlobalIDString = 10B17D6EDD6B127CDCBC280E;
			remoteInfo = AnimiApp;
		};
/* End PBXContainerItemProxy section */

/* Begin PBXFileReference section */
		008B456A6D18BC55E52A997F /* EditorReducerTests.swift */ = {isa = PBXFileReference; lastKnownFileType = sourcecode.swift; path = EditorReducerTests.swift; sourceTree = "<group>"; };
		0AD0CC2427FEECE70284560E /* EditorNavBar.swift */ = {isa = PBXFileReference; lastKnownFileType = sourcecode.swift; path = EditorNavBar.swift; sourceTree = "<group>"; };
		0EE1775D3FCB5E434F734C20 /* SceneInstanceRuntime.swift */ = {isa = PBXFileReference; lastKnownFileType = sourcecode.swift; path = SceneInstanceRuntime.swift; sourceTree = "<group>"; };
		0FA6FA68B95CBCFFBCFF8062 /* TimelineTransitionMathTests.swift */ = {isa = PBXFileReference; lastKnownFileType = sourcecode.swift; path = TimelineTransitionMathTests.swift; sourceTree = "<group>"; };
		10365D40F7866CDC3383B1F0 /* ScrubDiagnostics.swift */ = {isa = PBXFileReference; lastKnownFileType = sourcecode.swift; path = ScrubDiagnostics.swift; sourceTree = "<group>"; };
		1226FC7130A6C146E2C8B859 /* UserMediaTextureFactory.swift */ = {isa = PBXFileReference; lastKnownFileType = sourcecode.swift; path = UserMediaTextureFactory.swift; sourceTree = "<group>"; };
		1696482BFA3E93F558EEE181 /* PlayheadView.swift */ = {isa = PBXFileReference; lastKnownFileType = sourcecode.swift; path = PlayheadView.swift; sourceTree = "<group>"; };
		17978D254FF4A01AF6C27265 /* EditorStore.swift */ = {isa = PBXFileReference; lastKnownFileType = sourcecode.swift; path = EditorStore.swift; sourceTree = "<group>"; };
		1CBFAA44A3E3195D060D6D72 /* UndoStack.swift */ = {isa = PBXFileReference; lastKnownFileType = sourcecode.swift; path = UndoStack.swift; sourceTree = "<group>"; };
		212495D3F0034E5DF8679EAE /* AnimiAppTests.xctest */ = {isa = PBXFileReference; includeInIndex = 0; lastKnownFileType = wrapper.cfbundle; path = AnimiAppTests.xctest; sourceTree = BUILT_PRODUCTS_DIR; };
		21BCAE9CA856E61018333E4F /* AudioCompositionBuilder.swift */ = {isa = PBXFileReference; lastKnownFileType = sourcecode.swift; path = AudioCompositionBuilder.swift; sourceTree = "<group>"; };
		24544FC9E0EAD15CABC4A7B4 /* ProjectDraft.swift */ = {isa = PBXFileReference; lastKnownFileType = sourcecode.swift; path = ProjectDraft.swift; sourceTree = "<group>"; };
		25DBB2B5ADE5A32A5283B35D /* GlobalActionBar.swift */ = {isa = PBXFileReference; lastKnownFileType = sourcecode.swift; path = GlobalActionBar.swift; sourceTree = "<group>"; };
		260C009859590F4ABA66E9E0 /* EditorRenderCommandResolverTests.swift */ = {isa = PBXFileReference; lastKnownFileType = sourcecode.swift; path = EditorRenderCommandResolverTests.swift; sourceTree = "<group>"; };
		26C8FD1CB48AA1171F47B737 /* MediaRestoreHelper.swift */ = {isa = PBXFileReference; lastKnownFileType = sourcecode.swift; path = MediaRestoreHelper.swift; sourceTree = "<group>"; };
		26D21003AD21EF39FBA7A299 /* TimelineTransitionIntegrationTests.swift */ = {isa = PBXFileReference; lastKnownFileType = sourcecode.swift; path = TimelineTransitionIntegrationTests.swift; sourceTree = "<group>"; };
		278EBCE880F11881818C5A11 /* SceneLibrary.swift */ = {isa = PBXFileReference; lastKnownFileType = sourcecode.swift; path = SceneLibrary.swift; sourceTree = "<group>"; };
		2899EE222D11CFD172C78743 /* SceneTypeResourcesCache.swift */ = {isa = PBXFileReference; lastKnownFileType = sourcecode.swift; path = SceneTypeResourcesCache.swift; sourceTree = "<group>"; };
		2BF0652B3DD5E20359F327E7 /* TestAssets */ = {isa = PBXFileReference; lastKnownFileType = folder; name = TestAssets; path = ../TestAssets; sourceTree = SOURCE_ROOT; };
		2CFCF74F9E5906B8855CBA71 /* Assets.xcassets */ = {isa = PBXFileReference; lastKnownFileType = folder.assetcatalog; path = Assets.xcassets; sourceTree = "<group>"; };
		2EADDEDB66974033DE631FC0 /* BundleSceneLibraryLoader.swift */ = {isa = PBXFileReference; lastKnownFileType = sourcecode.swift; path = BundleSceneLibraryLoader.swift; sourceTree = "<group>"; };
		309F76627D024207657CC40A /* PlayerViewController.swift */ = {isa = PBXFileReference; lastKnownFileType = sourcecode.swift; path = PlayerViewController.swift; sourceTree = "<group>"; };
		3364EA3951160DA864738903 /* CanonicalTimeline.swift */ = {isa = PBXFileReference; lastKnownFileType = sourcecode.swift; path = CanonicalTimeline.swift; sourceTree = "<group>"; };
		341DB1C8476CB51E6A7DF543 /* MediaBlockActionBar.swift */ = {isa = PBXFileReference; lastKnownFileType = sourcecode.swift; path = MediaBlockActionBar.swift; sourceTree = "<group>"; };
		3601FA3EBE222F831A10F3DB /* SceneTrackSnapshot.swift */ = {isa = PBXFileReference; lastKnownFileType = sourcecode.swift; path = SceneTrackSnapshot.swift; sourceTree = "<group>"; };
		385E496113EA1117E64E135D /* TimeRulerView.swift */ = {isa = PBXFileReference; lastKnownFileType = sourcecode.swift; path = TimeRulerView.swift; sourceTree = "<group>"; };
		3FD576CEB284337AADB270BD /* Scenes */ = {isa = PBXFileReference; lastKnownFileType = folder; name = Scenes; path = Resources/Scenes; sourceTree = SOURCE_ROOT; };
		405CA61F8D950F938A7C179C /* ExportProgressViewController.swift */ = {isa = PBXFileReference; lastKnownFileType = sourcecode.swift; path = ExportProgressViewController.swift; sourceTree = "<group>"; };
		41ECBBE27F729040A4BA24F9 /* VideoExporter.swift */ = {isa = PBXFileReference; lastKnownFileType = sourcecode.swift; path = VideoExporter.swift; sourceTree = "<group>"; };
		45DB9A7231F7931C434FE7C4 /* SceneClipView.swift */ = {isa = PBXFileReference; lastKnownFileType = sourcecode.swift; path = SceneClipView.swift; sourceTree = "<group>"; };
		46BEAF44ECC8C85DC84E04B9 /* TemplateRecipe.swift */ = {isa = PBXFileReference; lastKnownFileType = sourcecode.swift; path = TemplateRecipe.swift; sourceTree = "<group>"; };
		486CDCFFF485A0C0354A63F5 /* Templates */ = {isa = PBXFileReference; lastKnownFileType = folder; name = Templates; path = Resources/Templates; sourceTree = SOURCE_ROOT; };
		493CBBADF2EADCE826942657 /* TimelineTimeUtils.swift */ = {isa = PBXFileReference; lastKnownFileType = sourcecode.swift; path = TimelineTimeUtils.swift; sourceTree = "<group>"; };
		49EDAF5F77EB8024DDF21A7A /* TimelineCompositionEngine.swift */ = {isa = PBXFileReference; lastKnownFileType = sourcecode.swift; path = TimelineCompositionEngine.swift; sourceTree = "<group>"; };
		4F32D1C7C5D29936244DF41F /* EffectiveBackgroundBuilder.swift */ = {isa = PBXFileReference; lastKnownFileType = sourcecode.swift; path = EffectiveBackgroundBuilder.swift; sourceTree = "<group>"; };
		5465499A4FD116462422D72B /* HexColorParser.swift */ = {isa = PBXFileReference; lastKnownFileType = sourcecode.swift; path = HexColorParser.swift; sourceTree = "<group>"; };
		55C76845C9F4E045E5E4913B /* ProjectBackgroundOverride.swift */ = {isa = PBXFileReference; lastKnownFileType = sourcecode.swift; path = ProjectBackgroundOverride.swift; sourceTree = "<group>"; };
		5CA7A6FD8503DAF43604786F /* BackgroundTextureService.swift */ = {isa = PBXFileReference; lastKnownFileType = sourcecode.swift; path = BackgroundTextureService.swift; sourceTree = "<group>"; };
		5CD660D17DECCF5EDA5E0FFD /* TimelineTransitionValidator.swift */ = {isa = PBXFileReference; lastKnownFileType = sourcecode.swift; path = TimelineTransitionValidator.swift; sourceTree = "<group>"; };
		61F2AE9AABEA22194B49C3A4 /* TimelineView.swift */ = {isa = PBXFileReference; lastKnownFileType = sourcecode.swift; path = TimelineView.swift; sourceTree = "<group>"; };
		62B86D0621E024C2C3AA5296 /* ResolvedTimelineFrame.swift */ = {isa = PBXFileReference; lastKnownFileType = sourcecode.swift; path = ResolvedTimelineFrame.swift; sourceTree = "<group>"; };
		631D07258A72196FBA9F3CF5 /* SceneEditInteractionController.swift */ = {isa = PBXFileReference; lastKnownFileType = sourcecode.swift; path = SceneEditInteractionController.swift; sourceTree = "<group>"; };
		695CDA66BFAAF9E9490AFDFA /* TemplateCatalog.swift */ = {isa = PBXFileReference; lastKnownFileType = sourcecode.swift; path = TemplateCatalog.swift; sourceTree = "<group>"; };
		6A04D252BCD74F091A0FA0C8 /* TVECore */ = {isa = PBXFileReference; lastKnownFileType = folder; name = TVECore; path = ../TVECore; sourceTree = SOURCE_ROOT; };
		6D36D08905D1AEBFD5A46644 /* SceneEditBar.swift */ = {isa = PBXFileReference; lastKnownFileType = sourcecode.swift; path = SceneEditBar.swift; sourceTree = "<group>"; };
		6D5135EA575C330539D1FD0A /* MediaRef.swift */ = {isa = PBXFileReference; lastKnownFileType = sourcecode.swift; path = MediaRef.swift; sourceTree = "<group>"; };
		6E46BB327022D25C2BAEBD96 /* BackgroundImageTransformViewController.swift */ = {isa = PBXFileReference; lastKnownFileType = sourcecode.swift; path = BackgroundImageTransformViewController.swift; sourceTree = "<group>"; };
		6EF91B900FF78191D281BB73 /* PreviewVideoView.swift */ = {isa = PBXFileReference; lastKnownFileType = sourcecode.swift; path = PreviewVideoView.swift; sourceTree = "<group>"; };
		6F1811C646979CF0638C6195 /* SceneState.swift */ = {isa = PBXFileReference; lastKnownFileType = sourcecode.swift; path = SceneState.swift; sourceTree = "<group>"; };
		7386B6921BAF86E88B6FE1D0 /* SceneLibraryModels.swift */ = {isa = PBXFileReference; lastKnownFileType = sourcecode.swift; path = SceneLibraryModels.swift; sourceTree = "<group>"; };
		77E8E00BD4B0BBC56EB6E639 /* SceneTransition.swift */ = {isa = PBXFileReference; lastKnownFileType = sourcecode.swift; path = SceneTransition.swift; sourceTree = "<group>"; };
		797FEE14029DDD1E23F49456 /* EditorRenderCommandResolver.swift */ = {isa = PBXFileReference; lastKnownFileType = sourcecode.swift; path = EditorRenderCommandResolver.swift; sourceTree = "<group>"; };
		7AEA66CBE6EB5B30975CB68C /* LaunchScreen.storyboard */ = {isa = PBXFileReference; lastKnownFileType = file.storyboard; path = LaunchScreen.storyboard; sourceTree = "<group>"; };
		7D7B8DBCF6017C4BF93805D7 /* EditorState.swift */ = {isa = PBXFileReference; lastKnownFileType = sourcecode.swift; path = EditorState.swift; sourceTree = "<group>"; };
		7E20361C384C400823FEDDE1 /* TimelineLayoutContext.swift */ = {isa = PBXFileReference; lastKnownFileType = sourcecode.swift; path = TimelineLayoutContext.swift; sourceTree = "<group>"; };
		7F5EF817846AED742165D197 /* EditorReducer.swift */ = {isa = PBXFileReference; lastKnownFileType = sourcecode.swift; path = EditorReducer.swift; sourceTree = "<group>"; };
		84DEF8B8CAB545A1A822FF33 /* FullScreenPreviewViewController.swift */ = {isa = PBXFileReference; lastKnownFileType = sourcecode.swift; path = FullScreenPreviewViewController.swift; sourceTree = "<group>"; };
		85271CBA652BF18E5476B593 /* PreparingOverlayView.swift */ = {isa = PBXFileReference; lastKnownFileType = sourcecode.swift; path = PreparingOverlayView.swift; sourceTree = "<group>"; };
		8CEF30C879280B5B61779F14 /* BackgroundEditorViewController.swift */ = {isa = PBXFileReference; lastKnownFileType = sourcecode.swift; path = BackgroundEditorViewController.swift; sourceTree = "<group>"; };
		931F43B88D909958DFAB035F /* AudioWriterPump.swift */ = {isa = PBXFileReference; lastKnownFileType = sourcecode.swift; path = AudioWriterPump.swift; sourceTree = "<group>"; };
		945142E5769BD54EFED06588 /* EditorOverlayView.swift */ = {isa = PBXFileReference; lastKnownFileType = sourcecode.swift; path = EditorOverlayView.swift; sourceTree = "<group>"; };
		961567AB8773B382A94D135D /* BundleTemplateCatalogLoader.swift */ = {isa = PBXFileReference; lastKnownFileType = sourcecode.swift; path = BundleTemplateCatalogLoader.swift; sourceTree = "<group>"; };
		99082F901FF221848C1D8848 /* TimelineEvents.swift */ = {isa = PBXFileReference; lastKnownFileType = sourcecode.swift; path = TimelineEvents.swift; sourceTree = "<group>"; };
		9914388A9AC3B6C7D244F116 /* TemplatePreviewCell.swift */ = {isa = PBXFileReference; lastKnownFileType = sourcecode.swift; path = TemplatePreviewCell.swift; sourceTree = "<group>"; };
		9FA23A16733352E76F88080F /* SharedAssets */ = {isa = PBXFileReference; lastKnownFileType = folder; name = SharedAssets; path = ../SharedAssets; sourceTree = SOURCE_ROOT; };
		A19F78E6B097B29EDF323138 /* VideoFrameProvider.swift */ = {isa = PBXFileReference; lastKnownFileType = sourcecode.swift; path = VideoFrameProvider.swift; sourceTree = "<group>"; };
		A929B98AF54DA5E1DF38755B /* EditorCanvasMapper.swift */ = {isa = PBXFileReference; lastKnownFileType = sourcecode.swift; path = EditorCanvasMapper.swift; sourceTree = "<group>"; };
		A9681217003171DED246CF7A /* AppDelegate.swift */ = {isa = PBXFileReference; lastKnownFileType = sourcecode.swift; path = AppDelegate.swift; sourceTree = "<group>"; };
		AA4057F5327F4F91E6220168 /* EditorAction.swift */ = {isa = PBXFileReference; lastKnownFileType = sourcecode.swift; path = EditorAction.swift; sourceTree = "<group>"; };
		AB6B0E0125B6479C561D538B /* TemplateDetailsViewController.swift */ = {isa = PBXFileReference; lastKnownFileType = sourcecode.swift; path = TemplateDetailsViewController.swift; sourceTree = "<group>"; };
		ABBDB7457558A6C904FF6AD4 /* BundleTemplateRecipeLoader.swift */ = {isa = PBXFileReference; lastKnownFileType = sourcecode.swift; path = BundleTemplateRecipeLoader.swift; sourceTree = "<group>"; };
		AF4B6CA0A1B351C520F00915 /* PreviewMenuStrip.swift */ = {isa = PBXFileReference; lastKnownFileType = sourcecode.swift; path = PreviewMenuStrip.swift; sourceTree = "<group>"; };
		B05A4F385A358366E47B026B /* SceneClipSnapshot.swift */ = {isa = PBXFileReference; lastKnownFileType = sourcecode.swift; path = SceneClipSnapshot.swift; sourceTree = "<group>"; };
		B1C6721DDF84A3D3E800B6D2 /* TemplateModels.swift */ = {isa = PBXFileReference; lastKnownFileType = sourcecode.swift; path = TemplateModels.swift; sourceTree = "<group>"; };
		B685C4E5B201E8A6899D2B21 /* TimelinePayload.swift */ = {isa = PBXFileReference; lastKnownFileType = sourcecode.swift; path = TimelinePayload.swift; sourceTree = "<group>"; };
		B68FDC0B5B9E176AEECBF7BF /* ProjectStore.swift */ = {isa = PBXFileReference; lastKnownFileType = sourcecode.swift; path = ProjectStore.swift; sourceTree = "<group>"; };
		B807292DC00C6DF32839947B /* Point2.swift */ = {isa = PBXFileReference; lastKnownFileType = sourcecode.swift; path = Point2.swift; sourceTree = "<group>"; };
		B853898BDFB63E02EA083BD5 /* CategoryTemplatesViewController.swift */ = {isa = PBXFileReference; lastKnownFileType = sourcecode.swift; path = CategoryTemplatesViewController.swift; sourceTree = "<group>"; };
		BAD378EB2800FA21FD5D791A /* AnimiApp.app */ = {isa = PBXFileReference; explicitFileType = wrapper.application; includeInIndex = 0; path = AnimiApp.app; sourceTree = BUILT_PRODUCTS_DIR; };
		BC0A332A9804FD46A50F4BF3 /* GlobalVideoBudgetCoordinator.swift */ = {isa = PBXFileReference; lastKnownFileType = sourcecode.swift; path = GlobalVideoBudgetCoordinator.swift; sourceTree = "<group>"; };
		BC6933EA029405A549FACE1A /* SceneCatalogViewController.swift */ = {isa = PBXFileReference; lastKnownFileType = sourcecode.swift; path = SceneCatalogViewController.swift; sourceTree = "<group>"; };
		BE83C97F893ECB40F45E4309 /* UserMediaServiceReadinessTests.swift */ = {isa = PBXFileReference; lastKnownFileType = sourcecode.swift; path = UserMediaServiceReadinessTests.swift; sourceTree = "<group>"; };
		C1244C22C36801F4B52AFE62 /* ExportVideoFrameProvider.swift */ = {isa = PBXFileReference; lastKnownFileType = sourcecode.swift; path = ExportVideoFrameProvider.swift; sourceTree = "<group>"; };
		C463B57720E8B12E559B2CA6 /* Info.plist */ = {isa = PBXFileReference; lastKnownFileType = text.plist; path = Info.plist; sourceTree = "<group>"; };
		CA08D7E49AF2FAED41B3739D /* EditorConfig.swift */ = {isa = PBXFileReference; lastKnownFileType = sourcecode.swift; path = EditorConfig.swift; sourceTree = "<group>"; };
		D12222EECEE4BF66B830A41A /* TimelineSelection.swift */ = {isa = PBXFileReference; lastKnownFileType = sourcecode.swift; path = TimelineSelection.swift; sourceTree = "<group>"; };
		D2C27B66A7FD3D45BCA3E634 /* EditorStoreTimelinePreviewTests.swift */ = {isa = PBXFileReference; lastKnownFileType = sourcecode.swift; path = EditorStoreTimelinePreviewTests.swift; sourceTree = "<group>"; };
		D31A07360DE22AB7792CA924 /* EditorRenderContractTests.swift */ = {isa = PBXFileReference; lastKnownFileType = sourcecode.swift; path = EditorRenderContractTests.swift; sourceTree = "<group>"; };
		D3EBC10C4E9B647A3CDA82C0 /* TimelineTransitionMath.swift */ = {isa = PBXFileReference; lastKnownFileType = sourcecode.swift; path = TimelineTransitionMath.swift; sourceTree = "<group>"; };
		D531F2B70470609DAAEC0E92 /* SceneDelegate.swift */ = {isa = PBXFileReference; lastKnownFileType = sourcecode.swift; path = SceneDelegate.swift; sourceTree = "<group>"; };
		D59971755844E2F253995D2F /* EditorRenderContract.swift */ = {isa = PBXFileReference; lastKnownFileType = sourcecode.swift; path = EditorRenderContract.swift; sourceTree = "<group>"; };
		D5B121BAFB0DFC4A55F20BEE /* TrackViewContracts.swift */ = {isa = PBXFileReference; lastKnownFileType = sourcecode.swift; path = TrackViewContracts.swift; sourceTree = "<group>"; };
		D910D732A40F53C827CAF44B /* ContextBar.swift */ = {isa = PBXFileReference; lastKnownFileType = sourcecode.swift; path = ContextBar.swift; sourceTree = "<group>"; };
		D919F203323B810A2AC93394 /* TimelinePerfCounters.swift */ = {isa = PBXFileReference; lastKnownFileType = sourcecode.swift; path = TimelinePerfCounters.swift; sourceTree = "<group>"; };
		DC6C7BCD49916848933ACCC5 /* AudioTrackView.swift */ = {isa = PBXFileReference; lastKnownFileType = sourcecode.swift; path = AudioTrackView.swift; sourceTree = "<group>"; };
		DCF00B9CD6E40ED94892ADC9 /* PerfLogger.swift */ = {isa = PBXFileReference; lastKnownFileType = sourcecode.swift; path = PerfLogger.swift; sourceTree = "<group>"; };
		DE5E9CF111CD6CF5A6213688 /* TimelinePlaybackCoordinator.swift */ = {isa = PBXFileReference; lastKnownFileType = sourcecode.swift; path = TimelinePlaybackCoordinator.swift; sourceTree = "<group>"; };
		E1974DAD2C56CCA5F71BFF6E /* ExportTextureProvider.swift */ = {isa = PBXFileReference; lastKnownFileType = sourcecode.swift; path = ExportTextureProvider.swift; sourceTree = "<group>"; };
		E3FB56BE62079A849F579C2F /* TemplatesHomeViewController.swift */ = {isa = PBXFileReference; lastKnownFileType = sourcecode.swift; path = TemplatesHomeViewController.swift; sourceTree = "<group>"; };
		E4EBB70D610E864BB54F5058 /* EditorLayoutContainerView.swift */ = {isa = PBXFileReference; lastKnownFileType = sourcecode.swift; path = EditorLayoutContainerView.swift; sourceTree = "<group>"; };
		E56BFF2BB1A7C43D61EF8402 /* TimelineEngineLifecycleTests.swift */ = {isa = PBXFileReference; lastKnownFileType = sourcecode.swift; path = TimelineEngineLifecycleTests.swift; sourceTree = "<group>"; };
		EF894A5BD8FDCD16513F4379 /* ExportVideoSlotsCoordinator.swift */ = {isa = PBXFileReference; lastKnownFileType = sourcecode.swift; path = ExportVideoSlotsCoordinator.swift; sourceTree = "<group>"; };
		EFFC65D891ED4DE5B877E8F1 /* BackgroundPresets */ = {isa = PBXFileReference; lastKnownFileType = folder; name = BackgroundPresets; path = Resources/BackgroundPresets; sourceTree = SOURCE_ROOT; };
		F0DA8EAE80803A7290A0AC34 /* BackgroundPresetLibrary.swift */ = {isa = PBXFileReference; lastKnownFileType = sourcecode.swift; path = BackgroundPresetLibrary.swift; sourceTree = "<group>"; };
		F4613B149DEB66964BDE84F9 /* SceneTrackView.swift */ = {isa = PBXFileReference; lastKnownFileType = sourcecode.swift; path = SceneTrackView.swift; sourceTree = "<group>"; };
		FC49A46FA18BE025E45C3184 /* UserMediaService.swift */ = {isa = PBXFileReference; lastKnownFileType = sourcecode.swift; path = UserMediaService.swift; sourceTree = "<group>"; };
/* End PBXFileReference section */

/* Begin PBXFrameworksBuildPhase section */
		B8EA82CB5BD64F3B03DA2328 /* Frameworks */ = {
			isa = PBXFrameworksBuildPhase;
			buildActionMask = 2147483647;
			files = (
				5730DA4CA9AA56F5D0794FD6 /* TVECore in Frameworks */,
				73CECF77FB8C3AF12D28CEA6 /* TVECompilerCore in Frameworks */,
			);
			runOnlyForDeploymentPostprocessing = 0;
		};
/* End PBXFrameworksBuildPhase section */

/* Begin PBXGroup section */
		0C30BD67F1694F5E87D23958 /* Player */ = {
			isa = PBXGroup;
			children = (
				797FEE14029DDD1E23F49456 /* EditorRenderCommandResolver.swift */,
				D59971755844E2F253995D2F /* EditorRenderContract.swift */,
				309F76627D024207657CC40A /* PlayerViewController.swift */,
				85271CBA652BF18E5476B593 /* PreparingOverlayView.swift */,
				DE5E9CF111CD6CF5A6213688 /* TimelinePlaybackCoordinator.swift */,
				8E006DFA7781E8FF9CC8C9F5 /* TimelineComposition */,
			);
			path = Player;
			sourceTree = "<group>";
		};
		0D782A98F5B7B201D779F3B4 /* Tests */ = {
			isa = PBXGroup;
			children = (
				008B456A6D18BC55E52A997F /* EditorReducerTests.swift */,
				260C009859590F4ABA66E9E0 /* EditorRenderCommandResolverTests.swift */,
				D31A07360DE22AB7792CA924 /* EditorRenderContractTests.swift */,
				D2C27B66A7FD3D45BCA3E634 /* EditorStoreTimelinePreviewTests.swift */,
				E56BFF2BB1A7C43D61EF8402 /* TimelineEngineLifecycleTests.swift */,
				26D21003AD21EF39FBA7A299 /* TimelineTransitionIntegrationTests.swift */,
				0FA6FA68B95CBCFFBCFF8062 /* TimelineTransitionMathTests.swift */,
				BE83C97F893ECB40F45E4309 /* UserMediaServiceReadinessTests.swift */,
			);
			path = Tests;
			sourceTree = "<group>";
		};
		0E52CFC5E2E4FF6ABE254A14 /* Resources */ = {
			isa = PBXGroup;
			children = (
				2CFCF74F9E5906B8855CBA71 /* Assets.xcassets */,
				C463B57720E8B12E559B2CA6 /* Info.plist */,
				7AEA66CBE6EB5B30975CB68C /* LaunchScreen.storyboard */,
			);
			path = Resources;
			sourceTree = "<group>";
		};
		174A8C02D785B7926CEE2F64 /* Export */ = {
			isa = PBXGroup;
			children = (
				21BCAE9CA856E61018333E4F /* AudioCompositionBuilder.swift */,
				931F43B88D909958DFAB035F /* AudioWriterPump.swift */,
				405CA61F8D950F938A7C179C /* ExportProgressViewController.swift */,
				E1974DAD2C56CCA5F71BFF6E /* ExportTextureProvider.swift */,
				C1244C22C36801F4B52AFE62 /* ExportVideoFrameProvider.swift */,
				EF894A5BD8FDCD16513F4379 /* ExportVideoSlotsCoordinator.swift */,
				41ECBBE27F729040A4BA24F9 /* VideoExporter.swift */,
			);
			path = Export;
			sourceTree = "<group>";
		};
		192D2901CC0DF98E94429A09 /* Project */ = {
			isa = PBXGroup;
			children = (
				3364EA3951160DA864738903 /* CanonicalTimeline.swift */,
				CA08D7E49AF2FAED41B3739D /* EditorConfig.swift */,
				6D5135EA575C330539D1FD0A /* MediaRef.swift */,
				B807292DC00C6DF32839947B /* Point2.swift */,
				55C76845C9F4E045E5E4913B /* ProjectBackgroundOverride.swift */,
				24544FC9E0EAD15CABC4A7B4 /* ProjectDraft.swift */,
				B68FDC0B5B9E176AEECBF7BF /* ProjectStore.swift */,
				6F1811C646979CF0638C6195 /* SceneState.swift */,
				77E8E00BD4B0BBC56EB6E639 /* SceneTransition.swift */,
				B685C4E5B201E8A6899D2B21 /* TimelinePayload.swift */,
			);
			path = Project;
			sourceTree = "<group>";
		};
		4259EAEAB773C16B536B5172 /* TemplatesUI */ = {
			isa = PBXGroup;
			children = (
				B853898BDFB63E02EA083BD5 /* CategoryTemplatesViewController.swift */,
				6EF91B900FF78191D281BB73 /* PreviewVideoView.swift */,
				AB6B0E0125B6479C561D538B /* TemplateDetailsViewController.swift */,
				9914388A9AC3B6C7D244F116 /* TemplatePreviewCell.swift */,
				E3FB56BE62079A849F579C2F /* TemplatesHomeViewController.swift */,
			);
			path = TemplatesUI;
			sourceTree = "<group>";
		};
		5EE3CBAF8EB42497C510D2D4 /* Background */ = {
			isa = PBXGroup;
			children = (
				8CEF30C879280B5B61779F14 /* BackgroundEditorViewController.swift */,
				6E46BB327022D25C2BAEBD96 /* BackgroundImageTransformViewController.swift */,
				F0DA8EAE80803A7290A0AC34 /* BackgroundPresetLibrary.swift */,
				5CA7A6FD8503DAF43604786F /* BackgroundTextureService.swift */,
				4F32D1C7C5D29936244DF41F /* EffectiveBackgroundBuilder.swift */,
				5465499A4FD116462422D72B /* HexColorParser.swift */,
			);
			path = Background;
			sourceTree = "<group>";
		};
		6CA488A52B38F2680625E762 /* Sources */ = {
			isa = PBXGroup;
			children = (
				E5ECE540AAD3F6F6FE110D7F /* App */,
				5EE3CBAF8EB42497C510D2D4 /* Background */,
				9E265860D86C3AF53EC27331 /* Content */,
				AB885C05AC47A6617B0FB4FE /* Editor */,
				174A8C02D785B7926CEE2F64 /* Export */,
				0C30BD67F1694F5E87D23958 /* Player */,
				192D2901CC0DF98E94429A09 /* Project */,
				AB3DC2C4EBEE3F6352CE45D7 /* TemplatesCatalog */,
				4259EAEAB773C16B536B5172 /* TemplatesUI */,
				CD4563A8559BB859E46BEC71 /* UserMedia */,
			);
			path = Sources;
			sourceTree = "<group>";
		};
		8405B0FB569F6CFAD1EB74CF /* Products */ = {
			isa = PBXGroup;
			children = (
				BAD378EB2800FA21FD5D791A /* AnimiApp.app */,
				212495D3F0034E5DF8679EAE /* AnimiAppTests.xctest */,
			);
			name = Products;
			sourceTree = "<group>";
		};
		88FC97825728EC3F6E3EBA29 /* Store */ = {
			isa = PBXGroup;
			children = (
				AA4057F5327F4F91E6220168 /* EditorAction.swift */,
				7F5EF817846AED742165D197 /* EditorReducer.swift */,
				7D7B8DBCF6017C4BF93805D7 /* EditorState.swift */,
				17978D254FF4A01AF6C27265 /* EditorStore.swift */,
				1CBFAA44A3E3195D060D6D72 /* UndoStack.swift */,
			);
			path = Store;
			sourceTree = "<group>";
		};
		8E006DFA7781E8FF9CC8C9F5 /* TimelineComposition */ = {
			isa = PBXGroup;
			children = (
				BC0A332A9804FD46A50F4BF3 /* GlobalVideoBudgetCoordinator.swift */,
				26C8FD1CB48AA1171F47B737 /* MediaRestoreHelper.swift */,
				62B86D0621E024C2C3AA5296 /* ResolvedTimelineFrame.swift */,
				0EE1775D3FCB5E434F734C20 /* SceneInstanceRuntime.swift */,
				2899EE222D11CFD172C78743 /* SceneTypeResourcesCache.swift */,
				49EDAF5F77EB8024DDF21A7A /* TimelineCompositionEngine.swift */,
				D3EBC10C4E9B647A3CDA82C0 /* TimelineTransitionMath.swift */,
				5CD660D17DECCF5EDA5E0FFD /* TimelineTransitionValidator.swift */,
			);
			path = TimelineComposition;
			sourceTree = "<group>";
		};
		9E265860D86C3AF53EC27331 /* Content */ = {
			isa = PBXGroup;
			children = (
				2EADDEDB66974033DE631FC0 /* BundleSceneLibraryLoader.swift */,
				ABBDB7457558A6C904FF6AD4 /* BundleTemplateRecipeLoader.swift */,
				278EBCE880F11881818C5A11 /* SceneLibrary.swift */,
				7386B6921BAF86E88B6FE1D0 /* SceneLibraryModels.swift */,
				46BEAF44ECC8C85DC84E04B9 /* TemplateRecipe.swift */,
			);
			path = Content;
			sourceTree = "<group>";
		};
		A0AB6734E8DF17D4B092309A /* Packages */ = {
			isa = PBXGroup;
			children = (
				6A04D252BCD74F091A0FA0C8 /* TVECore */,
			);
			name = Packages;
			sourceTree = "<group>";
		};
		AB3DC2C4EBEE3F6352CE45D7 /* TemplatesCatalog */ = {
			isa = PBXGroup;
			children = (
				961567AB8773B382A94D135D /* BundleTemplateCatalogLoader.swift */,
				695CDA66BFAAF9E9490AFDFA /* TemplateCatalog.swift */,
				B1C6721DDF84A3D3E800B6D2 /* TemplateModels.swift */,
			);
			path = TemplatesCatalog;
			sourceTree = "<group>";
		};
		AB885C05AC47A6617B0FB4FE /* Editor */ = {
			isa = PBXGroup;
			children = (
				DC6C7BCD49916848933ACCC5 /* AudioTrackView.swift */,
				D910D732A40F53C827CAF44B /* ContextBar.swift */,
				E4EBB70D610E864BB54F5058 /* EditorLayoutContainerView.swift */,
				0AD0CC2427FEECE70284560E /* EditorNavBar.swift */,
				945142E5769BD54EFED06588 /* EditorOverlayView.swift */,
				84DEF8B8CAB545A1A822FF33 /* FullScreenPreviewViewController.swift */,
				25DBB2B5ADE5A32A5283B35D /* GlobalActionBar.swift */,
				341DB1C8476CB51E6A7DF543 /* MediaBlockActionBar.swift */,
				1696482BFA3E93F558EEE181 /* PlayheadView.swift */,
				AF4B6CA0A1B351C520F00915 /* PreviewMenuStrip.swift */,
				BC6933EA029405A549FACE1A /* SceneCatalogViewController.swift */,
				B05A4F385A358366E47B026B /* SceneClipSnapshot.swift */,
				45DB9A7231F7931C434FE7C4 /* SceneClipView.swift */,
				6D36D08905D1AEBFD5A46644 /* SceneEditBar.swift */,
				3601FA3EBE222F831A10F3DB /* SceneTrackSnapshot.swift */,
				F4613B149DEB66964BDE84F9 /* SceneTrackView.swift */,
				10365D40F7866CDC3383B1F0 /* ScrubDiagnostics.swift */,
				99082F901FF221848C1D8848 /* TimelineEvents.swift */,
				7E20361C384C400823FEDDE1 /* TimelineLayoutContext.swift */,
				D919F203323B810A2AC93394 /* TimelinePerfCounters.swift */,
				D12222EECEE4BF66B830A41A /* TimelineSelection.swift */,
				493CBBADF2EADCE826942657 /* TimelineTimeUtils.swift */,
				61F2AE9AABEA22194B49C3A4 /* TimelineView.swift */,
				385E496113EA1117E64E135D /* TimeRulerView.swift */,
				D5B121BAFB0DFC4A55F20BEE /* TrackViewContracts.swift */,
				E93D3D8D2C98E3AD4E3ADE5B /* SceneEdit */,
				88FC97825728EC3F6E3EBA29 /* Store */,
			);
			path = Editor;
			sourceTree = "<group>";
		};
		CB301D244C5CC9EE6C9D6BA2 = {
			isa = PBXGroup;
			children = (
				EFFC65D891ED4DE5B877E8F1 /* BackgroundPresets */,
				3FD576CEB284337AADB270BD /* Scenes */,
				9FA23A16733352E76F88080F /* SharedAssets */,
				486CDCFFF485A0C0354A63F5 /* Templates */,
				2BF0652B3DD5E20359F327E7 /* TestAssets */,
				A0AB6734E8DF17D4B092309A /* Packages */,
				0E52CFC5E2E4FF6ABE254A14 /* Resources */,
				6CA488A52B38F2680625E762 /* Sources */,
				0D782A98F5B7B201D779F3B4 /* Tests */,
				8405B0FB569F6CFAD1EB74CF /* Products */,
			);
			sourceTree = "<group>";
		};
		CD4563A8559BB859E46BEC71 /* UserMedia */ = {
			isa = PBXGroup;
			children = (
				DCF00B9CD6E40ED94892ADC9 /* PerfLogger.swift */,
				FC49A46FA18BE025E45C3184 /* UserMediaService.swift */,
				1226FC7130A6C146E2C8B859 /* UserMediaTextureFactory.swift */,
				A19F78E6B097B29EDF323138 /* VideoFrameProvider.swift */,
			);
			path = UserMedia;
			sourceTree = "<group>";
		};
		E5ECE540AAD3F6F6FE110D7F /* App */ = {
			isa = PBXGroup;
			children = (
				A9681217003171DED246CF7A /* AppDelegate.swift */,
				D531F2B70470609DAAEC0E92 /* SceneDelegate.swift */,
			);
			path = App;
			sourceTree = "<group>";
		};
		E93D3D8D2C98E3AD4E3ADE5B /* SceneEdit */ = {
			isa = PBXGroup;
			children = (
				A929B98AF54DA5E1DF38755B /* EditorCanvasMapper.swift */,
				631D07258A72196FBA9F3CF5 /* SceneEditInteractionController.swift */,
			);
			path = SceneEdit;
			sourceTree = "<group>";
		};
/* End PBXGroup section */

/* Begin PBXNativeTarget section */
		10B17D6EDD6B127CDCBC280E /* AnimiApp */ = {
			isa = PBXNativeTarget;
			buildConfigurationList = E3BE34320AC45717F0B18539 /* Build configuration list for PBXNativeTarget "AnimiApp" */;
			buildPhases = (
				9C218C7383C3B91BD8E2DF1D /* Sources */,
				383BD44A23E9347333D217EC /* Resources */,
				B8EA82CB5BD64F3B03DA2328 /* Frameworks */,
			);
			buildRules = (
			);
			dependencies = (
			);
			name = AnimiApp;
			packageProductDependencies = (
				C660994DFEAC165D15AE3107 /* TVECore */,
				1304677CAEF71F6D64A5F398 /* TVECompilerCore */,
			);
			productName = AnimiApp;
			productReference = BAD378EB2800FA21FD5D791A /* AnimiApp.app */;
			productType = "com.apple.product-type.application";
		};
		65136F447BC60C8FF7FDE046 /* AnimiAppTests */ = {
			isa = PBXNativeTarget;
			buildConfigurationList = DB658A4930805B7659EE7423 /* Build configuration list for PBXNativeTarget "AnimiAppTests" */;
			buildPhases = (
				40A3CD54B48B1F8E7FE40B5B /* Sources */,
			);
			buildRules = (
			);
			dependencies = (
				BCD3BFC2251B7330325FE6C4 /* PBXTargetDependency */,
			);
			name = AnimiAppTests;
			packageProductDependencies = (
			);
			productName = AnimiAppTests;
			productReference = 212495D3F0034E5DF8679EAE /* AnimiAppTests.xctest */;
			productType = "com.apple.product-type.bundle.unit-test";
		};
/* End PBXNativeTarget section */

/* Begin PBXProject section */
		D4035B6B9A7CD4FEDF854712 /* Project object */ = {
			isa = PBXProject;
			attributes = {
				BuildIndependentTargetsInParallel = YES;
				LastUpgradeCheck = 1500;
				TargetAttributes = {
					10B17D6EDD6B127CDCBC280E = {
						ProvisioningStyle = Automatic;
					};
					65136F447BC60C8FF7FDE046 = {
						DevelopmentTeam = "";
						ProvisioningStyle = Automatic;
					};
				};
			};
			buildConfigurationList = A538D1F0746FDFB3E5B94A84 /* Build configuration list for PBXProject "AnimiApp" */;
			compatibilityVersion = "Xcode 14.0";
			developmentRegion = en;
			hasScannedForEncodings = 0;
			knownRegions = (
				Base,
				en,
			);
			mainGroup = CB301D244C5CC9EE6C9D6BA2;
			minimizedProjectReferenceProxies = 1;
			packageReferences = (
				94582A90A844493FC6142A89 /* XCLocalSwiftPackageReference "../TVECore" */,
			);
			projectDirPath = "";
			projectRoot = "";
			targets = (
				10B17D6EDD6B127CDCBC280E /* AnimiApp */,
				65136F447BC60C8FF7FDE046 /* AnimiAppTests */,
			);
		};
/* End PBXProject section */

/* Begin PBXResourcesBuildPhase section */
		383BD44A23E9347333D217EC /* Resources */ = {
			isa = PBXResourcesBuildPhase;
			buildActionMask = 2147483647;
			files = (
				8417606871FCEA18666AF617 /* Assets.xcassets in Resources */,
				BD6CDED31CADDB057B7FB98C /* BackgroundPresets in Resources */,
				0D7C19312488787BBA9F8379 /* LaunchScreen.storyboard in Resources */,
				A86034E54315B2988A33C9D0 /* Scenes in Resources */,
				C5D500A921DF5C5F4217977C /* SharedAssets in Resources */,
				1E5BA0CCE5E033BDC0F1023A /* Templates in Resources */,
				70F7C5CF6D0F9A28D9BF27D3 /* TestAssets in Resources */,
			);
			runOnlyForDeploymentPostprocessing = 0;
		};
/* End PBXResourcesBuildPhase section */

/* Begin PBXSourcesBuildPhase section */
		40A3CD54B48B1F8E7FE40B5B /* Sources */ = {
			isa = PBXSourcesBuildPhase;
			buildActionMask = 2147483647;
			files = (
				D2AFCF642E69E8DA0BE06307 /* EditorReducerTests.swift in Sources */,
				A6DC1038620A832F521C9B9C /* EditorRenderCommandResolverTests.swift in Sources */,
				67E6213C2144F746CDB871FE /* EditorRenderContractTests.swift in Sources */,
				D51C35ED6BE07BBA89EE3CBE /* EditorStoreTimelinePreviewTests.swift in Sources */,
				DAB8BC7B970EFC30FAE8C8BC /* TimelineEngineLifecycleTests.swift in Sources */,
				211311FBBE5B4AD0262FECCB /* TimelineTransitionIntegrationTests.swift in Sources */,
				159E88254D3B1E48EE5958FC /* TimelineTransitionMathTests.swift in Sources */,
				B9DE907658522310F2EC88E3 /* UserMediaServiceReadinessTests.swift in Sources */,
			);
			runOnlyForDeploymentPostprocessing = 0;
		};
		9C218C7383C3B91BD8E2DF1D /* Sources */ = {
			isa = PBXSourcesBuildPhase;
			buildActionMask = 2147483647;
			files = (
				CF7EDF9D02220536D8D2ADAF /* AppDelegate.swift in Sources */,
				602F7872F888469035DDAD7A /* AudioCompositionBuilder.swift in Sources */,
				57C23E798E20C6709A23C537 /* AudioTrackView.swift in Sources */,
				CC20D98CF2C2D50F0579DDAF /* AudioWriterPump.swift in Sources */,
				BB56874175D0D84955195BB6 /* BackgroundEditorViewController.swift in Sources */,
				8E9D3945030E03E20245EAE3 /* BackgroundImageTransformViewController.swift in Sources */,
				85DF4E86681E99E8A748BF67 /* BackgroundPresetLibrary.swift in Sources */,
				E25698A846DA76F3CA4038B4 /* BackgroundTextureService.swift in Sources */,
				283620DB39148AB24A06ECC1 /* BundleSceneLibraryLoader.swift in Sources */,
				498C37DBB763362200900A78 /* BundleTemplateCatalogLoader.swift in Sources */,
				F02391F95A0262E103152584 /* BundleTemplateRecipeLoader.swift in Sources */,
				EA5DFD8E85E8165771D4BFF3 /* CanonicalTimeline.swift in Sources */,
				DA572C5E6C6860C97D060989 /* CategoryTemplatesViewController.swift in Sources */,
				6F9B9494538317DADF567CBB /* ContextBar.swift in Sources */,
				F5C114671E2811827AB06760 /* EditorAction.swift in Sources */,
				3A1DE674543CB9BBCDE8E1EF /* EditorCanvasMapper.swift in Sources */,
				8B250EE681BECBBE0BC1224E /* EditorConfig.swift in Sources */,
				F559E08D57AFB0EC6087FF8A /* EditorLayoutContainerView.swift in Sources */,
				8C7E40E257296FDDE6326467 /* EditorNavBar.swift in Sources */,
				912BD9B26BA17AFAF24EACFB /* EditorOverlayView.swift in Sources */,
				B32E00282D93D218EFFDE577 /* EditorReducer.swift in Sources */,
				8B001DDCEB0C39A129EE2D87 /* EditorRenderCommandResolver.swift in Sources */,
				FE30676DCE3F9DF63B5A23A2 /* EditorRenderContract.swift in Sources */,
				70B4C549F74311F52D1CDA70 /* EditorState.swift in Sources */,
				0402365D45452BE0FFA85FE7 /* EditorStore.swift in Sources */,
				83D31A071A2AE1D9DAAEAF33 /* EffectiveBackgroundBuilder.swift in Sources */,
				D50A8104DC75F005771E3189 /* ExportProgressViewController.swift in Sources */,
				ED54801EBD50C76234462BC3 /* ExportTextureProvider.swift in Sources */,
				CC06AC77DBA6E10D00B88CCF /* ExportVideoFrameProvider.swift in Sources */,
				30AF45D83241BE9B59AB781B /* ExportVideoSlotsCoordinator.swift in Sources */,
				765ACCED62853D04AF334A8E /* FullScreenPreviewViewController.swift in Sources */,
				9B9FA36C978C9DE53E4DBFCD /* GlobalActionBar.swift in Sources */,
				F932EAEEDC5C62AE1243FA68 /* GlobalVideoBudgetCoordinator.swift in Sources */,
				DAF36B0BD227C3540277E7F9 /* HexColorParser.swift in Sources */,
				027F8E8E35674B1C890A533E /* MediaBlockActionBar.swift in Sources */,
				C792AB83AD2AA9EADF6164E8 /* MediaRef.swift in Sources */,
				AC6EB2C096FBE291A7ABEC4E /* MediaRestoreHelper.swift in Sources */,
				77F2DBD7DB4DFA6DCE1E67B9 /* PerfLogger.swift in Sources */,
				404981E927E535F603698579 /* PlayerViewController.swift in Sources */,
				5C6F794FED16BDF583B38CB6 /* PlayheadView.swift in Sources */,
				A200AB2DA8A8FB5D874D1D60 /* Point2.swift in Sources */,
				F059A3DD3D82CF5803F3CE2B /* PreparingOverlayView.swift in Sources */,
				F200089354BE041C4F9D88C9 /* PreviewMenuStrip.swift in Sources */,
				18CBB8DC59767967525874C6 /* PreviewVideoView.swift in Sources */,
				0F9C3ED0FBF09B219D543DC9 /* ProjectBackgroundOverride.swift in Sources */,
				921C1521C032FB6559CA59C4 /* ProjectDraft.swift in Sources */,
				B319D3EED1F23C34885E8646 /* ProjectStore.swift in Sources */,
				12E790F70155EBDB2A700C62 /* ResolvedTimelineFrame.swift in Sources */,
				CBBF06C4359B73C83C276C4B /* SceneCatalogViewController.swift in Sources */,
				FA72E6CEF83D57DE1252D780 /* SceneClipSnapshot.swift in Sources */,
				77047C61D50F5BC54DE12794 /* SceneClipView.swift in Sources */,
				6D8ECBA9A63E3BBE961807B1 /* SceneDelegate.swift in Sources */,
				6CB2DC6FA01CA1A1308B6D11 /* SceneEditBar.swift in Sources */,
				3467B52EF16555EC8E8BED35 /* SceneEditInteractionController.swift in Sources */,
				3CB6D1380A2B6AA48F275BD4 /* SceneInstanceRuntime.swift in Sources */,
				9679197E9E746DC549BDD438 /* SceneLibrary.swift in Sources */,
				C4071986B9BC622B346488AB /* SceneLibraryModels.swift in Sources */,
				DB29C8E7EDC3DD99C8977858 /* SceneState.swift in Sources */,
				E7808653295E10429A48CC9C /* SceneTrackSnapshot.swift in Sources */,
				5D1EAB0A11774675AA58B727 /* SceneTrackView.swift in Sources */,
				694F3A09B4B3EA9EA5081940 /* SceneTransition.swift in Sources */,
				BC75DACCE9D206A0C9160C0C /* SceneTypeResourcesCache.swift in Sources */,
				F27623BA827E217DDDCC4FF3 /* ScrubDiagnostics.swift in Sources */,
				DF26CFCE6FDB0C6EA1F0DBD2 /* TemplateCatalog.swift in Sources */,
				968F63459420D7EAAF660A2C /* TemplateDetailsViewController.swift in Sources */,
				466851FBF16FEB68F8B6CC15 /* TemplateModels.swift in Sources */,
				6DCCC8529A71ADB91E2B34AF /* TemplatePreviewCell.swift in Sources */,
				B76A183D3E44848DC6A05679 /* TemplateRecipe.swift in Sources */,
				54A34118FE6F0E05E99EAB9F /* TemplatesHomeViewController.swift in Sources */,
				9456988608740988E5F27700 /* TimeRulerView.swift in Sources */,
				DAB432B1B45583592A990AE8 /* TimelineCompositionEngine.swift in Sources */,
				1EA1B9C121F589385C6EACB7 /* TimelineEvents.swift in Sources */,
				10B8D513E511EBF48A1E7FCA /* TimelineLayoutContext.swift in Sources */,
				55D77C0FBB83BC5D85687949 /* TimelinePayload.swift in Sources */,
				E1B097003BE842813CB0A919 /* TimelinePerfCounters.swift in Sources */,
				F6282E7E21B82388F3CC2243 /* TimelinePlaybackCoordinator.swift in Sources */,
				8B1AE5FEAAA7FC56548F6624 /* TimelineSelection.swift in Sources */,
				2FEAB6533EF1DA415C6FC778 /* TimelineTimeUtils.swift in Sources */,
				E84BD7551D36EE26F55A7C8C /* TimelineTransitionMath.swift in Sources */,
				4FD93D25027B440F56B0F315 /* TimelineTransitionValidator.swift in Sources */,
				B3797DBA5A2809079BD00023 /* TimelineView.swift in Sources */,
				D5568C9185447FE2389AE27A /* TrackViewContracts.swift in Sources */,
				B77095075AB7C55898B21242 /* UndoStack.swift in Sources */,
				8C5D68D2752FF42C00D0F093 /* UserMediaService.swift in Sources */,
				26C0F8F6AB35CD9093B0E789 /* UserMediaTextureFactory.swift in Sources */,
				F69A4CE0C87E4F294A365892 /* VideoExporter.swift in Sources */,
				634873BF88B7C4366E03297A /* VideoFrameProvider.swift in Sources */,
			);
			runOnlyForDeploymentPostprocessing = 0;
		};
/* End PBXSourcesBuildPhase section */

/* Begin PBXTargetDependency section */
		BCD3BFC2251B7330325FE6C4 /* PBXTargetDependency */ = {
			isa = PBXTargetDependency;
			target = 10B17D6EDD6B127CDCBC280E /* AnimiApp */;
			targetProxy = 45B810784CEFF25ABAD53A58 /* PBXContainerItemProxy */;
		};
/* End PBXTargetDependency section */

/* Begin XCBuildConfiguration section */
		1C286A63FCE03685CBE08418 /* Release */ = {
			isa = XCBuildConfiguration;
			buildSettings = {
				ALWAYS_SEARCH_USER_PATHS = NO;
				CLANG_ANALYZER_NONNULL = YES;
				CLANG_ANALYZER_NUMBER_OBJECT_CONVERSION = YES_AGGRESSIVE;
				CLANG_CXX_LANGUAGE_STANDARD = "gnu++14";
				CLANG_CXX_LIBRARY = "libc++";
				CLANG_ENABLE_MODULES = YES;
				CLANG_ENABLE_OBJC_ARC = YES;
				CLANG_ENABLE_OBJC_WEAK = YES;
				CLANG_WARN_BLOCK_CAPTURE_AUTORELEASING = YES;
				CLANG_WARN_BOOL_CONVERSION = YES;
				CLANG_WARN_COMMA = YES;
				CLANG_WARN_CONSTANT_CONVERSION = YES;
				CLANG_WARN_DEPRECATED_OBJC_IMPLEMENTATIONS = YES;
				CLANG_WARN_DIRECT_OBJC_ISA_USAGE = YES_ERROR;
				CLANG_WARN_DOCUMENTATION_COMMENTS = YES;
				CLANG_WARN_EMPTY_BODY = YES;
				CLANG_WARN_ENUM_CONVERSION = YES;
				CLANG_WARN_INFINITE_RECURSION = YES;
				CLANG_WARN_INT_CONVERSION = YES;
				CLANG_WARN_NON_LITERAL_NULL_CONVERSION = YES;
				CLANG_WARN_OBJC_IMPLICIT_RETAIN_SELF = YES;
				CLANG_WARN_OBJC_LITERAL_CONVERSION = YES;
				CLANG_WARN_OBJC_ROOT_CLASS = YES_ERROR;
				CLANG_WARN_QUOTED_INCLUDE_IN_FRAMEWORK_HEADER = YES;
				CLANG_WARN_RANGE_LOOP_ANALYSIS = YES;
				CLANG_WARN_STRICT_PROTOTYPES = YES;
				CLANG_WARN_SUSPICIOUS_MOVE = YES;
				CLANG_WARN_UNGUARDED_AVAILABILITY = YES_AGGRESSIVE;
				CLANG_WARN_UNREACHABLE_CODE = YES;
				CLANG_WARN__DUPLICATE_METHOD_MATCH = YES;
				COPY_PHASE_STRIP = NO;
				DEBUG_INFORMATION_FORMAT = "dwarf-with-dsym";
				ENABLE_NS_ASSERTIONS = NO;
				ENABLE_STRICT_OBJC_MSGSEND = YES;
				GCC_C_LANGUAGE_STANDARD = gnu11;
				GCC_NO_COMMON_BLOCKS = YES;
				GCC_WARN_64_TO_32_BIT_CONVERSION = YES;
				GCC_WARN_ABOUT_RETURN_TYPE = YES_ERROR;
				GCC_WARN_UNDECLARED_SELECTOR = YES;
				GCC_WARN_UNINITIALIZED_AUTOS = YES_AGGRESSIVE;
				GCC_WARN_UNUSED_FUNCTION = YES;
				GCC_WARN_UNUSED_VARIABLE = YES;
				IPHONEOS_DEPLOYMENT_TARGET = 16.0;
				MTL_ENABLE_DEBUG_INFO = NO;
				MTL_FAST_MATH = YES;
				PRODUCT_NAME = "$(TARGET_NAME)";
				SDKROOT = iphoneos;
				SWIFT_COMPILATION_MODE = wholemodule;
				SWIFT_OPTIMIZATION_LEVEL = "-O";
				SWIFT_VERSION = 5.0;
			};
			name = Release;
		};
		231CC8A1C3778D309AAA0F56 /* Debug */ = {
			isa = XCBuildConfiguration;
			buildSettings = {
				ALWAYS_SEARCH_USER_PATHS = NO;
				CLANG_ANALYZER_NONNULL = YES;
				CLANG_ANALYZER_NUMBER_OBJECT_CONVERSION = YES_AGGRESSIVE;
				CLANG_CXX_LANGUAGE_STANDARD = "gnu++14";
				CLANG_CXX_LIBRARY = "libc++";
				CLANG_ENABLE_MODULES = YES;
				CLANG_ENABLE_OBJC_ARC = YES;
				CLANG_ENABLE_OBJC_WEAK = YES;
				CLANG_WARN_BLOCK_CAPTURE_AUTORELEASING = YES;
				CLANG_WARN_BOOL_CONVERSION = YES;
				CLANG_WARN_COMMA = YES;
				CLANG_WARN_CONSTANT_CONVERSION = YES;
				CLANG_WARN_DEPRECATED_OBJC_IMPLEMENTATIONS = YES;
				CLANG_WARN_DIRECT_OBJC_ISA_USAGE = YES_ERROR;
				CLANG_WARN_DOCUMENTATION_COMMENTS = YES;
				CLANG_WARN_EMPTY_BODY = YES;
				CLANG_WARN_ENUM_CONVERSION = YES;
				CLANG_WARN_INFINITE_RECURSION = YES;
				CLANG_WARN_INT_CONVERSION = YES;
				CLANG_WARN_NON_LITERAL_NULL_CONVERSION = YES;
				CLANG_WARN_OBJC_IMPLICIT_RETAIN_SELF = YES;
				CLANG_WARN_OBJC_LITERAL_CONVERSION = YES;
				CLANG_WARN_OBJC_ROOT_CLASS = YES_ERROR;
				CLANG_WARN_QUOTED_INCLUDE_IN_FRAMEWORK_HEADER = YES;
				CLANG_WARN_RANGE_LOOP_ANALYSIS = YES;
				CLANG_WARN_STRICT_PROTOTYPES = YES;
				CLANG_WARN_SUSPICIOUS_MOVE = YES;
				CLANG_WARN_UNGUARDED_AVAILABILITY = YES_AGGRESSIVE;
				CLANG_WARN_UNREACHABLE_CODE = YES;
				CLANG_WARN__DUPLICATE_METHOD_MATCH = YES;
				COPY_PHASE_STRIP = NO;
				DEBUG_INFORMATION_FORMAT = dwarf;
				ENABLE_STRICT_OBJC_MSGSEND = YES;
				ENABLE_TESTABILITY = YES;
				GCC_C_LANGUAGE_STANDARD = gnu11;
				GCC_DYNAMIC_NO_PIC = NO;
				GCC_NO_COMMON_BLOCKS = YES;
				GCC_OPTIMIZATION_LEVEL = 0;
				GCC_PREPROCESSOR_DEFINITIONS = (
					"$(inherited)",
					"DEBUG=1",
				);
				GCC_WARN_64_TO_32_BIT_CONVERSION = YES;
				GCC_WARN_ABOUT_RETURN_TYPE = YES_ERROR;
				GCC_WARN_UNDECLARED_SELECTOR = YES;
				GCC_WARN_UNINITIALIZED_AUTOS = YES_AGGRESSIVE;
				GCC_WARN_UNUSED_FUNCTION = YES;
				GCC_WARN_UNUSED_VARIABLE = YES;
				IPHONEOS_DEPLOYMENT_TARGET = 16.0;
				MTL_ENABLE_DEBUG_INFO = INCLUDE_SOURCE;
				MTL_FAST_MATH = YES;
				ONLY_ACTIVE_ARCH = YES;
				PRODUCT_NAME = "$(TARGET_NAME)";
				SDKROOT = iphoneos;
				SWIFT_ACTIVE_COMPILATION_CONDITIONS = DEBUG;
				SWIFT_OPTIMIZATION_LEVEL = "-Onone";
				SWIFT_VERSION = 5.0;
			};
			name = Debug;
		};
		30929FEC3F1CF0311FCCB7BE /* Release */ = {
			isa = XCBuildConfiguration;
			buildSettings = {
				ASSETCATALOG_COMPILER_APPICON_NAME = AppIcon;
				ASSETCATALOG_COMPILER_GLOBAL_ACCENT_COLOR_NAME = AccentColor;
				CODE_SIGN_IDENTITY = "iPhone Developer";
				CODE_SIGN_STYLE = Automatic;
				CURRENT_PROJECT_VERSION = 1;
				DEVELOPMENT_TEAM = KRX7JQ8GTF;
				GENERATE_INFOPLIST_FILE = NO;
				INFOPLIST_FILE = Resources/Info.plist;
				LD_RUNPATH_SEARCH_PATHS = (
					"$(inherited)",
					"@executable_path/Frameworks",
				);
				MARKETING_VERSION = 1.0.0;
				PRODUCT_BUNDLE_IDENTIFIER = com.animi.app;
				SDKROOT = iphoneos;
				SWIFT_VERSION = 5.9;
				TARGETED_DEVICE_FAMILY = "1,2";
			};
			name = Release;
		};
		337313D991D47DD0E926DEBF /* Release */ = {
			isa = XCBuildConfiguration;
			buildSettings = {
				BUNDLE_LOADER = "$(TEST_HOST)";
				CODE_SIGN_STYLE = Automatic;
				DEVELOPMENT_TEAM = "";
				GENERATE_INFOPLIST_FILE = YES;
				LD_RUNPATH_SEARCH_PATHS = (
					"$(inherited)",
					"@executable_path/Frameworks",
					"@loader_path/Frameworks",
				);
				PRODUCT_BUNDLE_IDENTIFIER = com.animi.app.tests;
				SDKROOT = iphoneos;
				SWIFT_VERSION = 5.9;
				TARGETED_DEVICE_FAMILY = "1,2";
				TEST_HOST = "$(BUILT_PRODUCTS_DIR)/AnimiApp.app/AnimiApp";
			};
			name = Release;
		};
		7B36287936D21BDE7AC37BB3 /* Debug */ = {
			isa = XCBuildConfiguration;
			buildSettings = {
				ASSETCATALOG_COMPILER_APPICON_NAME = AppIcon;
				ASSETCATALOG_COMPILER_GLOBAL_ACCENT_COLOR_NAME = AccentColor;
				CODE_SIGN_IDENTITY = "iPhone Developer";
				CODE_SIGN_STYLE = Automatic;
				CURRENT_PROJECT_VERSION = 1;
				DEVELOPMENT_TEAM = KRX7JQ8GTF;
				GENERATE_INFOPLIST_FILE = NO;
				INFOPLIST_FILE = Resources/Info.plist;
				LD_RUNPATH_SEARCH_PATHS = (
					"$(inherited)",
					"@executable_path/Frameworks",
				);
				MARKETING_VERSION = 1.0.0;
				PRODUCT_BUNDLE_IDENTIFIER = com.animi.app;
				SDKROOT = iphoneos;
				SWIFT_VERSION = 5.9;
				TARGETED_DEVICE_FAMILY = "1,2";
			};
			name = Debug;
		};
		F114E4C45209811A1BAB12C6 /* Debug */ = {
			isa = XCBuildConfiguration;
			buildSettings = {
				BUNDLE_LOADER = "$(TEST_HOST)";
				CODE_SIGN_STYLE = Automatic;
				DEVELOPMENT_TEAM = "";
				GENERATE_INFOPLIST_FILE = YES;
				LD_RUNPATH_SEARCH_PATHS = (
					"$(inherited)",
					"@executable_path/Frameworks",
					"@loader_path/Frameworks",
				);
				PRODUCT_BUNDLE_IDENTIFIER = com.animi.app.tests;
				SDKROOT = iphoneos;
				SWIFT_VERSION = 5.9;
				TARGETED_DEVICE_FAMILY = "1,2";
				TEST_HOST = "$(BUILT_PRODUCTS_DIR)/AnimiApp.app/AnimiApp";
			};
			name = Debug;
		};
/* End XCBuildConfiguration section */

/* Begin XCConfigurationList section */
		A538D1F0746FDFB3E5B94A84 /* Build configuration list for PBXProject "AnimiApp" */ = {
			isa = XCConfigurationList;
			buildConfigurations = (
				231CC8A1C3778D309AAA0F56 /* Debug */,
				1C286A63FCE03685CBE08418 /* Release */,
			);
			defaultConfigurationIsVisible = 0;
			defaultConfigurationName = Debug;
		};
		DB658A4930805B7659EE7423 /* Build configuration list for PBXNativeTarget "AnimiAppTests" */ = {
			isa = XCConfigurationList;
			buildConfigurations = (
				F114E4C45209811A1BAB12C6 /* Debug */,
				337313D991D47DD0E926DEBF /* Release */,
			);
			defaultConfigurationIsVisible = 0;
			defaultConfigurationName = Debug;
		};
		E3BE34320AC45717F0B18539 /* Build configuration list for PBXNativeTarget "AnimiApp" */ = {
			isa = XCConfigurationList;
			buildConfigurations = (
				7B36287936D21BDE7AC37BB3 /* Debug */,
				30929FEC3F1CF0311FCCB7BE /* Release */,
			);
			defaultConfigurationIsVisible = 0;
			defaultConfigurationName = Debug;
		};
/* End XCConfigurationList section */

/* Begin XCLocalSwiftPackageReference section */
		94582A90A844493FC6142A89 /* XCLocalSwiftPackageReference "../TVECore" */ = {
			isa = XCLocalSwiftPackageReference;
			relativePath = ../TVECore;
		};
/* End XCLocalSwiftPackageReference section */

/* Begin XCSwiftPackageProductDependency section */
		1304677CAEF71F6D64A5F398 /* TVECompilerCore */ = {
			isa = XCSwiftPackageProductDependency;
			productName = TVECompilerCore;
		};
		C660994DFEAC165D15AE3107 /* TVECore */ = {
			isa = XCSwiftPackageProductDependency;
			productName = TVECore;
		};
/* End XCSwiftPackageProductDependency section */
	};
	rootObject = D4035B6B9A7CD4FEDF854712 /* Project object */;
}
